# THIS IS AN AUTOGENERATED FILE. DO NOT EDIT THIS FILE DIRECTLY.
# yarn lockfile v1


"@types/node@^15.0.2":
  version "15.0.2"
  resolved "http://registry.npm.release.ctripcorp.com/@types/node/download/@types/node-15.0.2.tgz#51e9c0920d1b45936ea04341aa3e2e58d339fb67"
  integrity sha1-UenAkg0bRZNuoENBqj4uWNM5+2c=
